
Microsoft Visual Studio Solution File, Format Version 12.00
# Visual Studio Version 17
VisualStudioVersion = 17.6.33723.286
MinimumVisualStudioVersion = 10.0.40219.1
Project("{9A19103F-16F7-4668-BE54-9A1E7A4F7556}") = "SwaggerExtensions", "src\SwaggerExtensions\SwaggerExtensions\SwaggerExtensions.csproj", "{CC9E858E-8E03-420F-9EA2-90F90485C7CA}"
EndProject
Global
	GlobalSection(SolutionConfigurationPlatforms) = preSolution
		Debug|Any CPU = Debug|Any CPU
		Release|Any CPU = Release|Any CPU
	EndGlobalSection
	GlobalSection(ProjectConfigurationPlatforms) = postSolution
		{CC9E858E-8E03-420F-9EA2-90F90485C7CA}.Debug|Any CPU.ActiveCfg = Debug|Any CPU
		{CC9E858E-8E03-420F-9EA2-90F90485C7CA}.Debug|Any CPU.Build.0 = Debug|Any CPU
		{CC9E858E-8E03-420F-9EA2-90F90485C7CA}.Release|Any CPU.ActiveCfg = Release|Any CPU
		{CC9E858E-8E03-420F-9EA2-90F90485C7CA}.Release|Any CPU.Build.0 = Release|Any CPU
	EndGlobalSection
	GlobalSection(SolutionProperties) = preSolution
		HideSolutionNode = FALSE
	EndGlobalSection
	GlobalSection(ExtensibilityGlobals) = postSolution
		SolutionGuid = {F179D1F8-05C5-4E5D-BB62-10E41921A6BC}
	EndGlobalSection
EndGlobal
