
Microsoft Visual Studio Solution File, Format Version 12.00
# Visual Studio Version 17
VisualStudioVersion = 17.6.33723.286
MinimumVisualStudioVersion = 10.0.40219.1
Project("{2150E333-8FDC-42A3-9474-1A3956D46DE8}") = "samples", "samples", "{D7A92342-2C8A-4121-8824-95AEF5856AAF}"
EndProject
Project("{9A19103F-16F7-4668-BE54-9A1E7A4F7556}") = "SampleWeb", "samples\SampleWeb\SampleWeb.csproj", "{41CC2AD6-8FDC-4F00-8CF1-94C89666137E}"
EndProject
Project("{2150E333-8FDC-42A3-9474-1A3956D46DE8}") = "src", "src", "{CE8B3FAE-E7B7-4EB6-BEB5-716F2B91A315}"
EndProject
Project("{2150E333-8FDC-42A3-9474-1A3956D46DE8}") = "test", "test", "{31171FC1-4062-4E5D-9DF2-60DC54896CA5}"
EndProject
Project("{9A19103F-16F7-4668-BE54-9A1E7A4F7556}") = "Passingwind.AspNetCore.Authentication.ApiKey", "src\Authentication.ApiKey\source\Passingwind.AspNetCore.Authentication.ApiKey.csproj", "{F7FE0AD3-B69F-4F10-8EA4-E581EBE4A2AC}"
EndProject
Project("{9A19103F-16F7-4668-BE54-9A1E7A4F7556}") = "Passingwind.AspNetCore.Authentication.Saml2", "src\Authentication.Saml2\source\Passingwind.AspNetCore.Authentication.Saml2.csproj", "{6C1D2746-FE37-4AD4-9E40-DF28536472B1}"
EndProject
Project("{9A19103F-16F7-4668-BE54-9A1E7A4F7556}") = "Passingwind.SwaggerExtensions", "src\SwaggerExtensions\source\Passingwind.SwaggerExtensions.csproj", "{4E669101-39B3-463F-B434-D03D9136A2D9}"
EndProject
Global
	GlobalSection(SolutionConfigurationPlatforms) = preSolution
		Debug|Any CPU = Debug|Any CPU
		Release|Any CPU = Release|Any CPU
	EndGlobalSection
	GlobalSection(ProjectConfigurationPlatforms) = postSolution
		{41CC2AD6-8FDC-4F00-8CF1-94C89666137E}.Debug|Any CPU.ActiveCfg = Debug|Any CPU
		{41CC2AD6-8FDC-4F00-8CF1-94C89666137E}.Debug|Any CPU.Build.0 = Debug|Any CPU
		{41CC2AD6-8FDC-4F00-8CF1-94C89666137E}.Release|Any CPU.ActiveCfg = Release|Any CPU
		{41CC2AD6-8FDC-4F00-8CF1-94C89666137E}.Release|Any CPU.Build.0 = Release|Any CPU
		{F7FE0AD3-B69F-4F10-8EA4-E581EBE4A2AC}.Debug|Any CPU.ActiveCfg = Debug|Any CPU
		{F7FE0AD3-B69F-4F10-8EA4-E581EBE4A2AC}.Debug|Any CPU.Build.0 = Debug|Any CPU
		{F7FE0AD3-B69F-4F10-8EA4-E581EBE4A2AC}.Release|Any CPU.ActiveCfg = Release|Any CPU
		{F7FE0AD3-B69F-4F10-8EA4-E581EBE4A2AC}.Release|Any CPU.Build.0 = Release|Any CPU
		{6C1D2746-FE37-4AD4-9E40-DF28536472B1}.Debug|Any CPU.ActiveCfg = Debug|Any CPU
		{6C1D2746-FE37-4AD4-9E40-DF28536472B1}.Debug|Any CPU.Build.0 = Debug|Any CPU
		{6C1D2746-FE37-4AD4-9E40-DF28536472B1}.Release|Any CPU.ActiveCfg = Release|Any CPU
		{6C1D2746-FE37-4AD4-9E40-DF28536472B1}.Release|Any CPU.Build.0 = Release|Any CPU
		{4E669101-39B3-463F-B434-D03D9136A2D9}.Debug|Any CPU.ActiveCfg = Debug|Any CPU
		{4E669101-39B3-463F-B434-D03D9136A2D9}.Debug|Any CPU.Build.0 = Debug|Any CPU
		{4E669101-39B3-463F-B434-D03D9136A2D9}.Release|Any CPU.ActiveCfg = Release|Any CPU
		{4E669101-39B3-463F-B434-D03D9136A2D9}.Release|Any CPU.Build.0 = Release|Any CPU
	EndGlobalSection
	GlobalSection(SolutionProperties) = preSolution
		HideSolutionNode = FALSE
	EndGlobalSection
	GlobalSection(NestedProjects) = preSolution
		{41CC2AD6-8FDC-4F00-8CF1-94C89666137E} = {D7A92342-2C8A-4121-8824-95AEF5856AAF}
		{F7FE0AD3-B69F-4F10-8EA4-E581EBE4A2AC} = {CE8B3FAE-E7B7-4EB6-BEB5-716F2B91A315}
		{6C1D2746-FE37-4AD4-9E40-DF28536472B1} = {CE8B3FAE-E7B7-4EB6-BEB5-716F2B91A315}
		{4E669101-39B3-463F-B434-D03D9136A2D9} = {CE8B3FAE-E7B7-4EB6-BEB5-716F2B91A315}
	EndGlobalSection
	GlobalSection(ExtensibilityGlobals) = postSolution
		SolutionGuid = {AB481C2D-55C1-486C-873D-408B11F77F30}
	EndGlobalSection
EndGlobal
